
Microsoft Visual Studio Solution File, Format Version 12.00
# Visual Studio Version 17
VisualStudioVersion = 17.5.002.0
MinimumVisualStudioVersion = 10.0.40219.1
Project("{9A19103F-16F7-4668-BE54-9A1E7A4F7556}") = "Queueprogram", "Queueprogram\Queueprogram.csproj", "{1DAA4BE9-F6F0-4826-9BE0-9D69A40D8E1B}"
EndProject
Project("{9A19103F-16F7-4668-BE54-9A1E7A4F7556}") = "queueproject", "Queue\queueproject.csproj", "{79536B5D-CA6B-4217-AE2E-C425B200F5A5}"
EndProject
Global
	GlobalSection(SolutionConfigurationPlatforms) = preSolution
		Debug|Any CPU = Debug|Any CPU
		Release|Any CPU = Release|Any CPU
	EndGlobalSection
	GlobalSection(ProjectConfigurationPlatforms) = postSolution
		{1DAA4BE9-F6F0-4826-9BE0-9D69A40D8E1B}.Debug|Any CPU.ActiveCfg = Debug|Any CPU
		{1DAA4BE9-F6F0-4826-9BE0-9D69A40D8E1B}.Debug|Any CPU.Build.0 = Debug|Any CPU
		{1DAA4BE9-F6F0-4826-9BE0-9D69A40D8E1B}.Release|Any CPU.ActiveCfg = Release|Any CPU
		{1DAA4BE9-F6F0-4826-9BE0-9D69A40D8E1B}.Release|Any CPU.Build.0 = Release|Any CPU
		{79536B5D-CA6B-4217-AE2E-C425B200F5A5}.Debug|Any CPU.ActiveCfg = Debug|Any CPU
		{79536B5D-CA6B-4217-AE2E-C425B200F5A5}.Debug|Any CPU.Build.0 = Debug|Any CPU
		{79536B5D-CA6B-4217-AE2E-C425B200F5A5}.Release|Any CPU.ActiveCfg = Release|Any CPU
		{79536B5D-CA6B-4217-AE2E-C425B200F5A5}.Release|Any CPU.Build.0 = Release|Any CPU
	EndGlobalSection
	GlobalSection(SolutionProperties) = preSolution
		HideSolutionNode = FALSE
	EndGlobalSection
	GlobalSection(ExtensibilityGlobals) = postSolution
		SolutionGuid = {55F43E1D-8771-4ACA-8EE9-E7A5B799CC5B}
	EndGlobalSection
EndGlobal
