
Microsoft Visual Studio Solution File, Format Version 12.00
# Visual Studio Version 17
VisualStudioVersion = 17.5.002.0
MinimumVisualStudioVersion = 10.0.40219.1
Project("{9A19103F-16F7-4668-BE54-9A1E7A4F7556}") = "CalculadoraPerrona", "CalculadoraPerrona.csproj", "{0C499410-2524-4338-A44E-246D03136256}"
EndProject
Global
	GlobalSection(SolutionConfigurationPlatforms) = preSolution
		Debug|Any CPU = Debug|Any CPU
		Release|Any CPU = Release|Any CPU
	EndGlobalSection
	GlobalSection(ProjectConfigurationPlatforms) = postSolution
		{0C499410-2524-4338-A44E-246D03136256}.Debug|Any CPU.ActiveCfg = Debug|Any CPU
		{0C499410-2524-4338-A44E-246D03136256}.Debug|Any CPU.Build.0 = Debug|Any CPU
		{0C499410-2524-4338-A44E-246D03136256}.Release|Any CPU.ActiveCfg = Release|Any CPU
		{0C499410-2524-4338-A44E-246D03136256}.Release|Any CPU.Build.0 = Release|Any CPU
	EndGlobalSection
	GlobalSection(SolutionProperties) = preSolution
		HideSolutionNode = FALSE
	EndGlobalSection
	GlobalSection(ExtensibilityGlobals) = postSolution
		SolutionGuid = {6B8955A7-3631-42EC-A096-1EC48C955D2A}
	EndGlobalSection
EndGlobal
